
Microsoft Visual Studio Solution File, Format Version 12.00
# Visual Studio 2012
Project("{FAE04EC0-301F-11D3-BF4B-00C04F79EFBC}") = "TestPTZ", "TestPTZ\TestPTZ.csproj", "{38031FCE-699D-4C12-967A-88D1A8802B9F}"
EndProject
Global
	GlobalSection(SolutionConfigurationPlatforms) = preSolution
		Debug|Any CPU = Debug|Any CPU
		Release|Any CPU = Release|Any CPU
	EndGlobalSection
	GlobalSection(ProjectConfigurationPlatforms) = postSolution
		{38031FCE-699D-4C12-967A-88D1A8802B9F}.Debug|Any CPU.ActiveCfg = Debug|Any CPU
		{38031FCE-699D-4C12-967A-88D1A8802B9F}.Debug|Any CPU.Build.0 = Debug|Any CPU
		{38031FCE-699D-4C12-967A-88D1A8802B9F}.Release|Any CPU.ActiveCfg = Release|Any CPU
		{38031FCE-699D-4C12-967A-88D1A8802B9F}.Release|Any CPU.Build.0 = Release|Any CPU
	EndGlobalSection
	GlobalSection(SolutionProperties) = preSolution
		HideSolutionNode = FALSE
	EndGlobalSection
EndGlobal
